
Microsoft Visual Studio Solution File, Format Version 12.00
# Visual Studio Version 16
VisualStudioVersion = 16.0.30104.148
MinimumVisualStudioVersion = 10.0.40219.1
Project("{FAE04EC0-301F-11D3-BF4B-00C04F79EFBC}") = "DesignPattern_Bridge", "DesignPattern_Bridge.csproj", "{C6842484-BE34-4757-A9F9-CAAC93D9414F}"
EndProject
Global
	GlobalSection(SolutionConfigurationPlatforms) = preSolution
		Debug|Any CPU = Debug|Any CPU
		Release|Any CPU = Release|Any CPU
	EndGlobalSection
	GlobalSection(ProjectConfigurationPlatforms) = postSolution
		{C6842484-BE34-4757-A9F9-CAAC93D9414F}.Debug|Any CPU.ActiveCfg = Debug|Any CPU
		{C6842484-BE34-4757-A9F9-CAAC93D9414F}.Debug|Any CPU.Build.0 = Debug|Any CPU
		{C6842484-BE34-4757-A9F9-CAAC93D9414F}.Release|Any CPU.ActiveCfg = Release|Any CPU
		{C6842484-BE34-4757-A9F9-CAAC93D9414F}.Release|Any CPU.Build.0 = Release|Any CPU
	EndGlobalSection
	GlobalSection(SolutionProperties) = preSolution
		HideSolutionNode = FALSE
	EndGlobalSection
	GlobalSection(ExtensibilityGlobals) = postSolution
		SolutionGuid = {8F115163-4753-4675-9B0C-25E668C97152}
	EndGlobalSection
EndGlobal
